
Microsoft Visual Studio Solution File, Format Version 12.00
# Visual Studio Version 16
VisualStudioVersion = 16.0.31729.503
MinimumVisualStudioVersion = 10.0.40219.1
Project("{FAE04EC0-301F-11D3-BF4B-00C04F79EFBC}") = "Lab6WpfApp", "Lab6WpfApp\Lab6WpfApp.csproj", "{9F278CFB-40A8-4DD0-889B-FC70F0990DB3}"
EndProject
Global
	GlobalSection(SolutionConfigurationPlatforms) = preSolution
		Debug|Any CPU = Debug|Any CPU
		Release|Any CPU = Release|Any CPU
	EndGlobalSection
	GlobalSection(ProjectConfigurationPlatforms) = postSolution
		{9F278CFB-40A8-4DD0-889B-FC70F0990DB3}.Debug|Any CPU.ActiveCfg = Debug|Any CPU
		{9F278CFB-40A8-4DD0-889B-FC70F0990DB3}.Debug|Any CPU.Build.0 = Debug|Any CPU
		{9F278CFB-40A8-4DD0-889B-FC70F0990DB3}.Release|Any CPU.ActiveCfg = Release|Any CPU
		{9F278CFB-40A8-4DD0-889B-FC70F0990DB3}.Release|Any CPU.Build.0 = Release|Any CPU
	EndGlobalSection
	GlobalSection(SolutionProperties) = preSolution
		HideSolutionNode = FALSE
	EndGlobalSection
	GlobalSection(ExtensibilityGlobals) = postSolution
		SolutionGuid = {E6A5C5D8-46B5-4E45-B8A3-F9DB669A50F1}
	EndGlobalSection
EndGlobal
